
Microsoft Visual Studio Solution File, Format Version 12.00
# Visual Studio Version 17
VisualStudioVersion = 17.11.35312.102
MinimumVisualStudioVersion = 10.0.40219.1
Project("{FAE04EC0-301F-11D3-BF4B-00C04F79EFBC}") = "PracticeConsoleWriteline1", "PracticeConsoleWriteline1\PracticeConsoleWriteline1.csproj", "{CE6F33DA-2590-491F-B416-8F79E15AB833}"
EndProject
Global
	GlobalSection(SolutionConfigurationPlatforms) = preSolution
		Debug|Any CPU = Debug|Any CPU
		Release|Any CPU = Release|Any CPU
	EndGlobalSection
	GlobalSection(ProjectConfigurationPlatforms) = postSolution
		{CE6F33DA-2590-491F-B416-8F79E15AB833}.Debug|Any CPU.ActiveCfg = Debug|Any CPU
		{CE6F33DA-2590-491F-B416-8F79E15AB833}.Debug|Any CPU.Build.0 = Debug|Any CPU
		{CE6F33DA-2590-491F-B416-8F79E15AB833}.Release|Any CPU.ActiveCfg = Release|Any CPU
		{CE6F33DA-2590-491F-B416-8F79E15AB833}.Release|Any CPU.Build.0 = Release|Any CPU
	EndGlobalSection
	GlobalSection(SolutionProperties) = preSolution
		HideSolutionNode = FALSE
	EndGlobalSection
	GlobalSection(ExtensibilityGlobals) = postSolution
		SolutionGuid = {D6ECB338-3628-4625-A068-3A2B0100C340}
	EndGlobalSection
EndGlobal
