
Microsoft Visual Studio Solution File, Format Version 12.00
# Visual Studio Version 17
VisualStudioVersion = 17.11.35222.181
MinimumVisualStudioVersion = 10.0.40219.1
Project("{FAE04EC0-301F-11D3-BF4B-00C04F79EFBC}") = "MiniProject1", "MiniProject1\MiniProject1.csproj", "{FC4AA578-75DF-44B5-AA66-440FC60E318B}"
EndProject
Global
	GlobalSection(SolutionConfigurationPlatforms) = preSolution
		Debug|Any CPU = Debug|Any CPU
		Release|Any CPU = Release|Any CPU
	EndGlobalSection
	GlobalSection(ProjectConfigurationPlatforms) = postSolution
		{FC4AA578-75DF-44B5-AA66-440FC60E318B}.Debug|Any CPU.ActiveCfg = Debug|Any CPU
		{FC4AA578-75DF-44B5-AA66-440FC60E318B}.Debug|Any CPU.Build.0 = Debug|Any CPU
		{FC4AA578-75DF-44B5-AA66-440FC60E318B}.Release|Any CPU.ActiveCfg = Release|Any CPU
		{FC4AA578-75DF-44B5-AA66-440FC60E318B}.Release|Any CPU.Build.0 = Release|Any CPU
	EndGlobalSection
	GlobalSection(SolutionProperties) = preSolution
		HideSolutionNode = FALSE
	EndGlobalSection
	GlobalSection(ExtensibilityGlobals) = postSolution
		SolutionGuid = {F2E25FE0-E977-4ABE-A4D5-E8F13F25AFDE}
	EndGlobalSection
EndGlobal
