
Microsoft Visual Studio Solution File, Format Version 12.00
# Visual Studio Version 17
VisualStudioVersion = 17.11.35312.102
MinimumVisualStudioVersion = 10.0.40219.1
Project("{FAE04EC0-301F-11D3-BF4B-00C04F79EFBC}") = "HomeworkHandledException", "HomeworkHandledException\HomeworkHandledException.csproj", "{B9943590-2361-4E67-8435-2B568EED2747}"
EndProject
Global
	GlobalSection(SolutionConfigurationPlatforms) = preSolution
		Debug|Any CPU = Debug|Any CPU
		Release|Any CPU = Release|Any CPU
	EndGlobalSection
	GlobalSection(ProjectConfigurationPlatforms) = postSolution
		{B9943590-2361-4E67-8435-2B568EED2747}.Debug|Any CPU.ActiveCfg = Debug|Any CPU
		{B9943590-2361-4E67-8435-2B568EED2747}.Debug|Any CPU.Build.0 = Debug|Any CPU
		{B9943590-2361-4E67-8435-2B568EED2747}.Release|Any CPU.ActiveCfg = Release|Any CPU
		{B9943590-2361-4E67-8435-2B568EED2747}.Release|Any CPU.Build.0 = Release|Any CPU
	EndGlobalSection
	GlobalSection(SolutionProperties) = preSolution
		HideSolutionNode = FALSE
	EndGlobalSection
	GlobalSection(ExtensibilityGlobals) = postSolution
		SolutionGuid = {0F93AD8B-45E3-4F8E-AB15-17E0C2B72576}
	EndGlobalSection
EndGlobal
