
Microsoft Visual Studio Solution File, Format Version 12.00
# Visual Studio Version 17
VisualStudioVersion = 17.0.31912.275
MinimumVisualStudioVersion = 10.0.40219.1
Project("{FAE04EC0-301F-11D3-BF4B-00C04F79EFBC}") = "While Loop example", "While Loop example.csproj", "{57D9BFFF-3F30-42E6-9BED-E66F240957E2}"
EndProject
Global
	GlobalSection(SolutionConfigurationPlatforms) = preSolution
		Debug|Any CPU = Debug|Any CPU
		Release|Any CPU = Release|Any CPU
	EndGlobalSection
	GlobalSection(ProjectConfigurationPlatforms) = postSolution
		{57D9BFFF-3F30-42E6-9BED-E66F240957E2}.Debug|Any CPU.ActiveCfg = Debug|Any CPU
		{57D9BFFF-3F30-42E6-9BED-E66F240957E2}.Debug|Any CPU.Build.0 = Debug|Any CPU
		{57D9BFFF-3F30-42E6-9BED-E66F240957E2}.Release|Any CPU.ActiveCfg = Release|Any CPU
		{57D9BFFF-3F30-42E6-9BED-E66F240957E2}.Release|Any CPU.Build.0 = Release|Any CPU
	EndGlobalSection
	GlobalSection(SolutionProperties) = preSolution
		HideSolutionNode = FALSE
	EndGlobalSection
	GlobalSection(ExtensibilityGlobals) = postSolution
		SolutionGuid = {D9CB3B01-B5E5-4539-A82B-55220C8F5BDD}
	EndGlobalSection
EndGlobal
