
Microsoft Visual Studio Solution File, Format Version 12.00
# Visual Studio Version 17
VisualStudioVersion = 17.11.35312.102
MinimumVisualStudioVersion = 10.0.40219.1
Project("{FAE04EC0-301F-11D3-BF4B-00C04F79EFBC}") = "HomeworkMethodWelcomeUser", "HomeworkMethodWelcomeUser\HomeworkMethodWelcomeUser.csproj", "{A1C20CD2-2406-47BF-B6FE-F00D6C1D9C94}"
EndProject
Global
	GlobalSection(SolutionConfigurationPlatforms) = preSolution
		Debug|Any CPU = Debug|Any CPU
		Release|Any CPU = Release|Any CPU
	EndGlobalSection
	GlobalSection(ProjectConfigurationPlatforms) = postSolution
		{A1C20CD2-2406-47BF-B6FE-F00D6C1D9C94}.Debug|Any CPU.ActiveCfg = Debug|Any CPU
		{A1C20CD2-2406-47BF-B6FE-F00D6C1D9C94}.Debug|Any CPU.Build.0 = Debug|Any CPU
		{A1C20CD2-2406-47BF-B6FE-F00D6C1D9C94}.Release|Any CPU.ActiveCfg = Release|Any CPU
		{A1C20CD2-2406-47BF-B6FE-F00D6C1D9C94}.Release|Any CPU.Build.0 = Release|Any CPU
	EndGlobalSection
	GlobalSection(SolutionProperties) = preSolution
		HideSolutionNode = FALSE
	EndGlobalSection
	GlobalSection(ExtensibilityGlobals) = postSolution
		SolutionGuid = {31D119CF-D9E9-40CD-8323-4ACC7E912D9C}
	EndGlobalSection
EndGlobal
