
Microsoft Visual Studio Solution File, Format Version 12.00
# Visual Studio Version 17
VisualStudioVersion = 17.11.35222.181
MinimumVisualStudioVersion = 10.0.40219.1
Project("{FAE04EC0-301F-11D3-BF4B-00C04F79EFBC}") = "DoLoopHomeworkAssignment", "DoLoopHomeworkAssignment\DoLoopHomeworkAssignment.csproj", "{49A24EA3-4D6D-4383-8119-9C0FEDC2EE38}"
EndProject
Global
	GlobalSection(SolutionConfigurationPlatforms) = preSolution
		Debug|Any CPU = Debug|Any CPU
		Release|Any CPU = Release|Any CPU
	EndGlobalSection
	GlobalSection(ProjectConfigurationPlatforms) = postSolution
		{49A24EA3-4D6D-4383-8119-9C0FEDC2EE38}.Debug|Any CPU.ActiveCfg = Debug|Any CPU
		{49A24EA3-4D6D-4383-8119-9C0FEDC2EE38}.Debug|Any CPU.Build.0 = Debug|Any CPU
		{49A24EA3-4D6D-4383-8119-9C0FEDC2EE38}.Release|Any CPU.ActiveCfg = Release|Any CPU
		{49A24EA3-4D6D-4383-8119-9C0FEDC2EE38}.Release|Any CPU.Build.0 = Release|Any CPU
	EndGlobalSection
	GlobalSection(SolutionProperties) = preSolution
		HideSolutionNode = FALSE
	EndGlobalSection
	GlobalSection(ExtensibilityGlobals) = postSolution
		SolutionGuid = {137EF92B-FB2E-47EB-A312-3637A2458566}
	EndGlobalSection
EndGlobal
