
Microsoft Visual Studio Solution File, Format Version 12.00
# Visual Studio Version 17
VisualStudioVersion = 17.11.35327.3
MinimumVisualStudioVersion = 10.0.40219.1
Project("{FAE04EC0-301F-11D3-BF4B-00C04F79EFBC}") = "PracticeHowOftenAnIntegerAppears", "PracticeHowOftenAnIntegerAppears\PracticeHowOftenAnIntegerAppears.csproj", "{8D9A636F-1C5D-4D32-8EB8-98B59541824F}"
EndProject
Global
	GlobalSection(SolutionConfigurationPlatforms) = preSolution
		Debug|Any CPU = Debug|Any CPU
		Release|Any CPU = Release|Any CPU
	EndGlobalSection
	GlobalSection(ProjectConfigurationPlatforms) = postSolution
		{8D9A636F-1C5D-4D32-8EB8-98B59541824F}.Debug|Any CPU.ActiveCfg = Debug|Any CPU
		{8D9A636F-1C5D-4D32-8EB8-98B59541824F}.Debug|Any CPU.Build.0 = Debug|Any CPU
		{8D9A636F-1C5D-4D32-8EB8-98B59541824F}.Release|Any CPU.ActiveCfg = Release|Any CPU
		{8D9A636F-1C5D-4D32-8EB8-98B59541824F}.Release|Any CPU.Build.0 = Release|Any CPU
	EndGlobalSection
	GlobalSection(SolutionProperties) = preSolution
		HideSolutionNode = FALSE
	EndGlobalSection
	GlobalSection(ExtensibilityGlobals) = postSolution
		SolutionGuid = {F6C3E366-F1BC-4981-B327-A31CCC2511AA}
	EndGlobalSection
EndGlobal
