
Microsoft Visual Studio Solution File, Format Version 12.00
# Visual Studio Version 17
VisualStudioVersion = 17.0.31912.275
MinimumVisualStudioVersion = 10.0.40219.1
Project("{FAE04EC0-301F-11D3-BF4B-00C04F79EFBC}") = "Microsoft Training Hello World", "Microsoft Training Hello World.csproj", "{4210D1C4-FDAD-42A0-AA14-5B4B931A0BCF}"
EndProject
Global
	GlobalSection(SolutionConfigurationPlatforms) = preSolution
		Debug|Any CPU = Debug|Any CPU
		Release|Any CPU = Release|Any CPU
	EndGlobalSection
	GlobalSection(ProjectConfigurationPlatforms) = postSolution
		{4210D1C4-FDAD-42A0-AA14-5B4B931A0BCF}.Debug|Any CPU.ActiveCfg = Debug|Any CPU
		{4210D1C4-FDAD-42A0-AA14-5B4B931A0BCF}.Debug|Any CPU.Build.0 = Debug|Any CPU
		{4210D1C4-FDAD-42A0-AA14-5B4B931A0BCF}.Release|Any CPU.ActiveCfg = Release|Any CPU
		{4210D1C4-FDAD-42A0-AA14-5B4B931A0BCF}.Release|Any CPU.Build.0 = Release|Any CPU
	EndGlobalSection
	GlobalSection(SolutionProperties) = preSolution
		HideSolutionNode = FALSE
	EndGlobalSection
	GlobalSection(ExtensibilityGlobals) = postSolution
		SolutionGuid = {80C3B2E6-23E9-4ACD-AB4E-3BE3CE4DF2CE}
	EndGlobalSection
EndGlobal
