
Microsoft Visual Studio Solution File, Format Version 12.00
# Visual Studio Version 17
VisualStudioVersion = 17.11.35222.181
MinimumVisualStudioVersion = 10.0.40219.1
Project("{FAE04EC0-301F-11D3-BF4B-00C04F79EFBC}") = "Arrays", "Arrays\Arrays.csproj", "{1D716827-8040-498A-B4A6-171A6469E5E5}"
EndProject
Global
	GlobalSection(SolutionConfigurationPlatforms) = preSolution
		Debug|Any CPU = Debug|Any CPU
		Release|Any CPU = Release|Any CPU
	EndGlobalSection
	GlobalSection(ProjectConfigurationPlatforms) = postSolution
		{1D716827-8040-498A-B4A6-171A6469E5E5}.Debug|Any CPU.ActiveCfg = Debug|Any CPU
		{1D716827-8040-498A-B4A6-171A6469E5E5}.Debug|Any CPU.Build.0 = Debug|Any CPU
		{1D716827-8040-498A-B4A6-171A6469E5E5}.Release|Any CPU.ActiveCfg = Release|Any CPU
		{1D716827-8040-498A-B4A6-171A6469E5E5}.Release|Any CPU.Build.0 = Release|Any CPU
	EndGlobalSection
	GlobalSection(SolutionProperties) = preSolution
		HideSolutionNode = FALSE
	EndGlobalSection
	GlobalSection(ExtensibilityGlobals) = postSolution
		SolutionGuid = {8B60B38F-CFF9-4E32-9D2D-35B5A0C8DA29}
	EndGlobalSection
EndGlobal
