
Microsoft Visual Studio Solution File, Format Version 12.00
# Visual Studio Version 17
VisualStudioVersion = 17.0.31912.275
MinimumVisualStudioVersion = 10.0.40219.1
Project("{FAE04EC0-301F-11D3-BF4B-00C04F79EFBC}") = "Hello World", "Hello World.csproj", "{AFFE8A42-4A9A-4C5E-9111-EB1246DDE54D}"
EndProject
Global
	GlobalSection(SolutionConfigurationPlatforms) = preSolution
		Debug|Any CPU = Debug|Any CPU
		Release|Any CPU = Release|Any CPU
	EndGlobalSection
	GlobalSection(ProjectConfigurationPlatforms) = postSolution
		{AFFE8A42-4A9A-4C5E-9111-EB1246DDE54D}.Debug|Any CPU.ActiveCfg = Debug|Any CPU
		{AFFE8A42-4A9A-4C5E-9111-EB1246DDE54D}.Debug|Any CPU.Build.0 = Debug|Any CPU
		{AFFE8A42-4A9A-4C5E-9111-EB1246DDE54D}.Release|Any CPU.ActiveCfg = Release|Any CPU
		{AFFE8A42-4A9A-4C5E-9111-EB1246DDE54D}.Release|Any CPU.Build.0 = Release|Any CPU
	EndGlobalSection
	GlobalSection(SolutionProperties) = preSolution
		HideSolutionNode = FALSE
	EndGlobalSection
	GlobalSection(ExtensibilityGlobals) = postSolution
		SolutionGuid = {A9D09245-14E7-475B-B333-88EBCC4AB9FD}
	EndGlobalSection
EndGlobal
