
Microsoft Visual Studio Solution File, Format Version 12.00
# Visual Studio Version 17
VisualStudioVersion = 17.1.32228.430
MinimumVisualStudioVersion = 10.0.40219.1
Project("{FAE04EC0-301F-11D3-BF4B-00C04F79EFBC}") = "Age Calculator 2", "Age Calculator 2.csproj", "{D886CD2C-88CB-4F41-B183-747ED3F1DDD6}"
EndProject
Global
	GlobalSection(SolutionConfigurationPlatforms) = preSolution
		Debug|Any CPU = Debug|Any CPU
		Release|Any CPU = Release|Any CPU
	EndGlobalSection
	GlobalSection(ProjectConfigurationPlatforms) = postSolution
		{D886CD2C-88CB-4F41-B183-747ED3F1DDD6}.Debug|Any CPU.ActiveCfg = Debug|Any CPU
		{D886CD2C-88CB-4F41-B183-747ED3F1DDD6}.Debug|Any CPU.Build.0 = Debug|Any CPU
		{D886CD2C-88CB-4F41-B183-747ED3F1DDD6}.Release|Any CPU.ActiveCfg = Release|Any CPU
		{D886CD2C-88CB-4F41-B183-747ED3F1DDD6}.Release|Any CPU.Build.0 = Release|Any CPU
	EndGlobalSection
	GlobalSection(SolutionProperties) = preSolution
		HideSolutionNode = FALSE
	EndGlobalSection
	GlobalSection(ExtensibilityGlobals) = postSolution
		SolutionGuid = {019811BD-9E22-4BF0-AB00-76ACFAEC0ACD}
	EndGlobalSection
EndGlobal
