
Microsoft Visual Studio Solution File, Format Version 12.00
# Visual Studio Version 17
VisualStudioVersion = 17.11.35222.181
MinimumVisualStudioVersion = 10.0.40219.1
Project("{FAE04EC0-301F-11D3-BF4B-00C04F79EFBC}") = "AdvancedIf", "AdvancedIf\AdvancedIf.csproj", "{C030E70E-398D-4AE6-B258-5DFEDAB898DD}"
EndProject
Global
	GlobalSection(SolutionConfigurationPlatforms) = preSolution
		Debug|Any CPU = Debug|Any CPU
		Release|Any CPU = Release|Any CPU
	EndGlobalSection
	GlobalSection(ProjectConfigurationPlatforms) = postSolution
		{C030E70E-398D-4AE6-B258-5DFEDAB898DD}.Debug|Any CPU.ActiveCfg = Debug|Any CPU
		{C030E70E-398D-4AE6-B258-5DFEDAB898DD}.Debug|Any CPU.Build.0 = Debug|Any CPU
		{C030E70E-398D-4AE6-B258-5DFEDAB898DD}.Release|Any CPU.ActiveCfg = Release|Any CPU
		{C030E70E-398D-4AE6-B258-5DFEDAB898DD}.Release|Any CPU.Build.0 = Release|Any CPU
	EndGlobalSection
	GlobalSection(SolutionProperties) = preSolution
		HideSolutionNode = FALSE
	EndGlobalSection
	GlobalSection(ExtensibilityGlobals) = postSolution
		SolutionGuid = {E5EEB284-7297-48D7-811F-59ED5E5B51CC}
	EndGlobalSection
EndGlobal
