
Microsoft Visual Studio Solution File, Format Version 12.00
# Visual Studio Version 17
VisualStudioVersion = 17.11.35222.181
MinimumVisualStudioVersion = 10.0.40219.1
Project("{FAE04EC0-301F-11D3-BF4B-00C04F79EFBC}") = "DateTimeVariables", "DateTimeVariables\DateTimeVariables.csproj", "{B2F7C413-5717-4B27-A708-AFE60D4553B2}"
EndProject
Global
	GlobalSection(SolutionConfigurationPlatforms) = preSolution
		Debug|Any CPU = Debug|Any CPU
		Release|Any CPU = Release|Any CPU
	EndGlobalSection
	GlobalSection(ProjectConfigurationPlatforms) = postSolution
		{B2F7C413-5717-4B27-A708-AFE60D4553B2}.Debug|Any CPU.ActiveCfg = Debug|Any CPU
		{B2F7C413-5717-4B27-A708-AFE60D4553B2}.Debug|Any CPU.Build.0 = Debug|Any CPU
		{B2F7C413-5717-4B27-A708-AFE60D4553B2}.Release|Any CPU.ActiveCfg = Release|Any CPU
		{B2F7C413-5717-4B27-A708-AFE60D4553B2}.Release|Any CPU.Build.0 = Release|Any CPU
	EndGlobalSection
	GlobalSection(SolutionProperties) = preSolution
		HideSolutionNode = FALSE
	EndGlobalSection
	GlobalSection(ExtensibilityGlobals) = postSolution
		SolutionGuid = {22D07E58-FFC3-4965-97B5-59F9A71EBBDF}
	EndGlobalSection
EndGlobal
